
Microsoft Visual Studio Solution File, Format Version 12.00
# Visual Studio Version 16
VisualStudioVersion = 16.0.31410.357
MinimumVisualStudioVersion = 10.0.40219.1
Project("{FAE04EC0-301F-11D3-BF4B-00C04F79EFBC}") = "UnitTest", "UnitTestProject1\UnitTest.csproj", "{47B275CB-3A59-4C0A-BAF4-A2EE3E37AE62}"
EndProject
Project("{FAE04EC0-301F-11D3-BF4B-00C04F79EFBC}") = "CodingExam", "CodingExam\CodingExam.csproj", "{33F955A7-5D5D-4F03-AA45-E852C923CE55}"
EndProject
Global
	GlobalSection(SolutionConfigurationPlatforms) = preSolution
		Debug|Any CPU = Debug|Any CPU
		Release|Any CPU = Release|Any CPU
	EndGlobalSection
	GlobalSection(ProjectConfigurationPlatforms) = postSolution
		{47B275CB-3A59-4C0A-BAF4-A2EE3E37AE62}.Debug|Any CPU.ActiveCfg = Debug|Any CPU
		{47B275CB-3A59-4C0A-BAF4-A2EE3E37AE62}.Debug|Any CPU.Build.0 = Debug|Any CPU
		{47B275CB-3A59-4C0A-BAF4-A2EE3E37AE62}.Release|Any CPU.ActiveCfg = Release|Any CPU
		{47B275CB-3A59-4C0A-BAF4-A2EE3E37AE62}.Release|Any CPU.Build.0 = Release|Any CPU
		{33F955A7-5D5D-4F03-AA45-E852C923CE55}.Debug|Any CPU.ActiveCfg = Debug|Any CPU
		{33F955A7-5D5D-4F03-AA45-E852C923CE55}.Debug|Any CPU.Build.0 = Debug|Any CPU
		{33F955A7-5D5D-4F03-AA45-E852C923CE55}.Release|Any CPU.ActiveCfg = Release|Any CPU
		{33F955A7-5D5D-4F03-AA45-E852C923CE55}.Release|Any CPU.Build.0 = Release|Any CPU
	EndGlobalSection
	GlobalSection(SolutionProperties) = preSolution
		HideSolutionNode = FALSE
	EndGlobalSection
	GlobalSection(ExtensibilityGlobals) = postSolution
		SolutionGuid = {2E566CB1-DEEF-42C2-B2CC-4B4670394495}
	EndGlobalSection
EndGlobal
